// !$*UTF8*$!
{
	archiveVersion = 1;
	classes = {
	};
	objectVersion = 77;
	objects = {

/* Begin PBXContainerItemProxy section */
		47AEC6DA2DC6B8B500E2B7EA /* PBXContainerItemProxy */ = {
			isa = PBXContainerItemProxy;
			containerPortal = 47AEC6C02DC6B8B300E2B7EA /* Project object */;
			proxyType = 1;
			remoteGlobalIDString = 47AEC6C72DC6B8B300E2B7EA;
			remoteInfo = spaperclip;
		};
		47AEC6E42DC6B8B500E2B7EA /* PBXContainerItemProxy */ = {
			isa = PBXContainerItemProxy;
			containerPortal = 47AEC6C02DC6B8B300E2B7EA /* Project object */;
			proxyType = 1;
			remoteGlobalIDString = 47AEC6C72DC6B8B300E2B7EA;
			remoteInfo = spaperclip;
		};
/* End PBXContainerItemProxy section */

/* Begin PBXFileReference section */
		47AEC6C82DC6B8B300E2B7EA /* spaperclip.app */ = {isa = PBXFileReference; explicitFileType = wrapper.application; includeInIndex = 0; path = spaperclip.app; sourceTree = BUILT_PRODUCTS_DIR; };
		47AEC6D92DC6B8B500E2B7EA /* spaperclipTests.xctest */ = {isa = PBXFileReference; explicitFileType = wrapper.cfbundle; includeInIndex = 0; path = spaperclipTests.xctest; sourceTree = BUILT_PRODUCTS_DIR; };
		47AEC6E32DC6B8B500E2B7EA /* spaperclipUITests.xctest */ = {isa = PBXFileReference; explicitFileType = wrapper.cfbundle; includeInIndex = 0; path = spaperclipUITests.xctest; sourceTree = BUILT_PRODUCTS_DIR; };
/* End PBXFileReference section */

/* Begin PBXFileSystemSynchronizedRootGroup section */
		47AEC6CA2DC6B8B300E2B7EA /* spaperclip */ = {
			isa = PBXFileSystemSynchronizedRootGroup;
			path = spaperclip;
			sourceTree = "<group>";
		};
		47AEC6DC2DC6B8B500E2B7EA /* spaperclipTests */ = {
			isa = PBXFileSystemSynchronizedRootGroup;
			path = spaperclipTests;
			sourceTree = "<group>";
		};
		47AEC6E62DC6B8B500E2B7EA /* spaperclipUITests */ = {
			isa = PBXFileSystemSynchronizedRootGroup;
			path = spaperclipUITests;
			sourceTree = "<group>";
		};
/* End PBXFileSystemSynchronizedRootGroup section */

/* Begin PBXFrameworksBuildPhase section */
		47AEC6C52DC6B8B300E2B7EA /* Frameworks */ = {
			isa = PBXFrameworksBuildPhase;
			buildActionMask = 2147483647;
			files = (
			);
			runOnlyForDeploymentPostprocessing = 0;
		};
		47AEC6D62DC6B8B500E2B7EA /* Frameworks */ = {
			isa = PBXFrameworksBuildPhase;
			buildActionMask = 2147483647;
			files = (
			);
			runOnlyForDeploymentPostprocessing = 0;
		};
		47AEC6E02DC6B8B500E2B7EA /* Frameworks */ = {
			isa = PBXFrameworksBuildPhase;
			buildActionMask = 2147483647;
			files = (
			);
			runOnlyForDeploymentPostprocessing = 0;
		};
/* End PBXFrameworksBuildPhase section */

/* Begin PBXGroup section */
		47AEC6BF2DC6B8B300E2B7EA = {
			isa = PBXGroup;
			children = (
				47AEC6CA2DC6B8B300E2B7EA /* spaperclip */,
				47AEC6DC2DC6B8B500E2B7EA /* spaperclipTests */,
				47AEC6E62DC6B8B500E2B7EA /* spaperclipUITests */,
				47AEC6C92DC6B8B300E2B7EA /* Products */,
			);
			sourceTree = "<group>";
		};
		47AEC6C92DC6B8B300E2B7EA /* Products */ = {
			isa = PBXGroup;
			children = (
				47AEC6C82DC6B8B300E2B7EA /* spaperclip.app */,
				47AEC6D92DC6B8B500E2B7EA /* spaperclipTests.xctest */,
				47AEC6E32DC6B8B500E2B7EA /* spaperclipUITests.xctest */,
			);
			name = Products;
			sourceTree = "<group>";
		};
/* End PBXGroup section */

/* Begin PBXNativeTarget section */
		47AEC6C72DC6B8B300E2B7EA /* spaperclip */ = {
			isa = PBXNativeTarget;
			buildConfigurationList = 47AEC6ED2DC6B8B500E2B7EA /* Build configuration list for PBXNativeTarget "spaperclip" */;
			buildPhases = (
				47AEC6C42DC6B8B300E2B7EA /* Sources */,
				47AEC6C52DC6B8B300E2B7EA /* Frameworks */,
				47AEC6C62DC6B8B300E2B7EA /* Resources */,
			);
			buildRules = (
			);
			dependencies = (
			);
			fileSystemSynchronizedGroups = (
				47AEC6CA2DC6B8B300E2B7EA /* spaperclip */,
			);
			name = spaperclip;
			packageProductDependencies = (
			);
			productName = spaperclip;
			productReference = 47AEC6C82DC6B8B300E2B7EA /* spaperclip.app */;
			productType = "com.apple.product-type.application";
		};
		47AEC6D82DC6B8B500E2B7EA /* spaperclipTests */ = {
			isa = PBXNativeTarget;
			buildConfigurationList = 47AEC6F02DC6B8B500E2B7EA /* Build configuration list for PBXNativeTarget "spaperclipTests" */;
			buildPhases = (
				47AEC6D52DC6B8B500E2B7EA /* Sources */,
				47AEC6D62DC6B8B500E2B7EA /* Frameworks */,
				47AEC6D72DC6B8B500E2B7EA /* Resources */,
			);
			buildRules = (
			);
			dependencies = (
				47AEC6DB2DC6B8B500E2B7EA /* PBXTargetDependency */,
			);
			fileSystemSynchronizedGroups = (
				47AEC6DC2DC6B8B500E2B7EA /* spaperclipTests */,
			);
			name = spaperclipTests;
			packageProductDependencies = (
			);
			productName = spaperclipTests;
			productReference = 47AEC6D92DC6B8B500E2B7EA /* spaperclipTests.xctest */;
			productType = "com.apple.product-type.bundle.unit-test";
		};
		47AEC6E22DC6B8B500E2B7EA /* spaperclipUITests */ = {
			isa = PBXNativeTarget;
			buildConfigurationList = 47AEC6F32DC6B8B500E2B7EA /* Build configuration list for PBXNativeTarget "spaperclipUITests" */;
			buildPhases = (
				47AEC6DF2DC6B8B500E2B7EA /* Sources */,
				47AEC6E02DC6B8B500E2B7EA /* Frameworks */,
				47AEC6E12DC6B8B500E2B7EA /* Resources */,
			);
			buildRules = (
			);
			dependencies = (
				47AEC6E52DC6B8B500E2B7EA /* PBXTargetDependency */,
			);
			fileSystemSynchronizedGroups = (
				47AEC6E62DC6B8B500E2B7EA /* spaperclipUITests */,
			);
			name = spaperclipUITests;
			packageProductDependencies = (
			);
			productName = spaperclipUITests;
			productReference = 47AEC6E32DC6B8B500E2B7EA /* spaperclipUITests.xctest */;
			productType = "com.apple.product-type.bundle.ui-testing";
		};
/* End PBXNativeTarget section */

/* Begin PBXProject section */
		47AEC6C02DC6B8B300E2B7EA /* Project object */ = {
			isa = PBXProject;
			attributes = {
				BuildIndependentTargetsInParallel = 1;
				LastSwiftUpdateCheck = 1610;
				LastUpgradeCheck = 1610;
				TargetAttributes = {
					47AEC6C72DC6B8B300E2B7EA = {
						CreatedOnToolsVersion = 16.1;
					};
					47AEC6D82DC6B8B500E2B7EA = {
						CreatedOnToolsVersion = 16.1;
						TestTargetID = 47AEC6C72DC6B8B300E2B7EA;
					};
					47AEC6E22DC6B8B500E2B7EA = {
						CreatedOnToolsVersion = 16.1;
						TestTargetID = 47AEC6C72DC6B8B300E2B7EA;
					};
				};
			};
			buildConfigurationList = 47AEC6C32DC6B8B300E2B7EA /* Build configuration list for PBXProject "spaperclip" */;
			developmentRegion = en;
			hasScannedForEncodings = 0;
			knownRegions = (
				en,
				Base,
			);
			mainGroup = 47AEC6BF2DC6B8B300E2B7EA;
			minimizedProjectReferenceProxies = 1;
			preferredProjectObjectVersion = 77;
			productRefGroup = 47AEC6C92DC6B8B300E2B7EA /* Products */;
			projectDirPath = "";
			projectRoot = "";
			targets = (
				47AEC6C72DC6B8B300E2B7EA /* spaperclip */,
				47AEC6D82DC6B8B500E2B7EA /* spaperclipTests */,
				47AEC6E22DC6B8B500E2B7EA /* spaperclipUITests */,
			);
		};
/* End PBXProject section */

/* Begin PBXResourcesBuildPhase section */
		47AEC6C62DC6B8B300E2B7EA /* Resources */ = {
			isa = PBXResourcesBuildPhase;
			buildActionMask = 2147483647;
			files = (
			);
			runOnlyForDeploymentPostprocessing = 0;
		};
		47AEC6D72DC6B8B500E2B7EA /* Resources */ = {
			isa = PBXResourcesBuildPhase;
			buildActionMask = 2147483647;
			files = (
			);
			runOnlyForDeploymentPostprocessing = 0;
		};
		47AEC6E12DC6B8B500E2B7EA /* Resources */ = {
			isa = PBXResourcesBuildPhase;
			buildActionMask = 2147483647;
			files = (
			);
			runOnlyForDeploymentPostprocessing = 0;
		};
/* End PBXResourcesBuildPhase section */

/* Begin PBXSourcesBuildPhase section */
		47AEC6C42DC6B8B300E2B7EA /* Sources */ = {
			isa = PBXSourcesBuildPhase;
			buildActionMask = 2147483647;
			files = (
			);
			runOnlyForDeploymentPostprocessing = 0;
		};
		47AEC6D52DC6B8B500E2B7EA /* Sources */ = {
			isa = PBXSourcesBuildPhase;
			buildActionMask = 2147483647;
			files = (
			);
			runOnlyForDeploymentPostprocessing = 0;
		};
		47AEC6DF2DC6B8B500E2B7EA /* Sources */ = {
			isa = PBXSourcesBuildPhase;
			buildActionMask = 2147483647;
			files = (
			);
			runOnlyForDeploymentPostprocessing = 0;
		};
/* End PBXSourcesBuildPhase section */

/* Begin PBXTargetDependency section */
		47AEC6DB2DC6B8B500E2B7EA /* PBXTargetDependency */ = {
			isa = PBXTargetDependency;
			target = 47AEC6C72DC6B8B300E2B7EA /* spaperclip */;
			targetProxy = 47AEC6DA2DC6B8B500E2B7EA /* PBXContainerItemProxy */;
		};
		47AEC6E52DC6B8B500E2B7EA /* PBXTargetDependency */ = {
			isa = PBXTargetDependency;
			target = 47AEC6C72DC6B8B300E2B7EA /* spaperclip */;
			targetProxy = 47AEC6E42DC6B8B500E2B7EA /* PBXContainerItemProxy */;
		};
/* End PBXTargetDependency section */

/* Begin XCBuildConfiguration section */
		47AEC6EB2DC6B8B500E2B7EA /* Debug */ = {
			isa = XCBuildConfiguration;
			buildSettings = {
				ALWAYS_SEARCH_USER_PATHS = NO;
				ASSETCATALOG_COMPILER_GENERATE_SWIFT_ASSET_SYMBOL_EXTENSIONS = YES;
				CLANG_ANALYZER_NONNULL = YES;
				CLANG_ANALYZER_NUMBER_OBJECT_CONVERSION = YES_AGGRESSIVE;
				CLANG_CXX_LANGUAGE_STANDARD = "gnu++20";
				CLANG_ENABLE_MODULES = YES;
				CLANG_ENABLE_OBJC_ARC = YES;
				CLANG_ENABLE_OBJC_WEAK = YES;
				CLANG_WARN_BLOCK_CAPTURE_AUTORELEASING = YES;
				CLANG_WARN_BOOL_CONVERSION = YES;
				CLANG_WARN_COMMA = YES;
				CLANG_WARN_CONSTANT_CONVERSION = YES;
				CLANG_WARN_DEPRECATED_OBJC_IMPLEMENTATIONS = YES;
				CLANG_WARN_DIRECT_OBJC_ISA_USAGE = YES_ERROR;
				CLANG_WARN_DOCUMENTATION_COMMENTS = YES;
				CLANG_WARN_EMPTY_BODY = YES;
				CLANG_WARN_ENUM_CONVERSION = YES;
				CLANG_WARN_INFINITE_RECURSION = YES;
				CLANG_WARN_INT_CONVERSION = YES;
				CLANG_WARN_NON_LITERAL_NULL_CONVERSION = YES;
				CLANG_WARN_OBJC_IMPLICIT_RETAIN_SELF = YES;
				CLANG_WARN_OBJC_LITERAL_CONVERSION = YES;
				CLANG_WARN_OBJC_ROOT_CLASS = YES_ERROR;
				CLANG_WARN_QUOTED_INCLUDE_IN_FRAMEWORK_HEADER = YES;
				CLANG_WARN_RANGE_LOOP_ANALYSIS = YES;
				CLANG_WARN_STRICT_PROTOTYPES = YES;
				CLANG_WARN_SUSPICIOUS_MOVE = YES;
				CLANG_WARN_UNGUARDED_AVAILABILITY = YES_AGGRESSIVE;
				CLANG_WARN_UNREACHABLE_CODE = YES;
				CLANG_WARN__DUPLICATE_METHOD_MATCH = YES;
				COPY_PHASE_STRIP = NO;
				DEBUG_INFORMATION_FORMAT = dwarf;
				ENABLE_STRICT_OBJC_MSGSEND = YES;
				ENABLE_TESTABILITY = YES;
				ENABLE_USER_SCRIPT_SANDBOXING = YES;
				GCC_C_LANGUAGE_STANDARD = gnu17;
				GCC_DYNAMIC_NO_PIC = NO;
				GCC_NO_COMMON_BLOCKS = YES;
				GCC_OPTIMIZATION_LEVEL = 0;
				GCC_PREPROCESSOR_DEFINITIONS = (
					"DEBUG=1",
					"$(inherited)",
				);
				GCC_WARN_64_TO_32_BIT_CONVERSION = YES;
				GCC_WARN_ABOUT_RETURN_TYPE = YES_ERROR;
				GCC_WARN_UNDECLARED_SELECTOR = YES;
				GCC_WARN_UNINITIALIZED_AUTOS = YES_AGGRESSIVE;
				GCC_WARN_UNUSED_FUNCTION = YES;
				GCC_WARN_UNUSED_VARIABLE = YES;
				LOCALIZATION_PREFERS_STRING_CATALOGS = YES;
				MACOSX_DEPLOYMENT_TARGET = 15.1;
				MTL_ENABLE_DEBUG_INFO = INCLUDE_SOURCE;
				MTL_FAST_MATH = YES;
				ONLY_ACTIVE_ARCH = YES;
				SDKROOT = macosx;
				SWIFT_ACTIVE_COMPILATION_CONDITIONS = "DEBUG $(inherited)";
				SWIFT_OPTIMIZATION_LEVEL = "-Onone";
			};
			name = Debug;
		};
		47AEC6EC2DC6B8B500E2B7EA /* Release */ = {
			isa = XCBuildConfiguration;
			buildSettings = {
				ALWAYS_SEARCH_USER_PATHS = NO;
				ASSETCATALOG_COMPILER_GENERATE_SWIFT_ASSET_SYMBOL_EXTENSIONS = YES;
				CLANG_ANALYZER_NONNULL = YES;
				CLANG_ANALYZER_NUMBER_OBJECT_CONVERSION = YES_AGGRESSIVE;
				CLANG_CXX_LANGUAGE_STANDARD = "gnu++20";
				CLANG_ENABLE_MODULES = YES;
				CLANG_ENABLE_OBJC_ARC = YES;
				CLANG_ENABLE_OBJC_WEAK = YES;
				CLANG_WARN_BLOCK_CAPTURE_AUTORELEASING = YES;
				CLANG_WARN_BOOL_CONVERSION = YES;
				CLANG_WARN_COMMA = YES;
				CLANG_WARN_CONSTANT_CONVERSION = YES;
				CLANG_WARN_DEPRECATED_OBJC_IMPLEMENTATIONS = YES;
				CLANG_WARN_DIRECT_OBJC_ISA_USAGE = YES_ERROR;
				CLANG_WARN_DOCUMENTATION_COMMENTS = YES;
				CLANG_WARN_EMPTY_BODY = YES;
				CLANG_WARN_ENUM_CONVERSION = YES;
				CLANG_WARN_INFINITE_RECURSION = YES;
				CLANG_WARN_INT_CONVERSION = YES;
				CLANG_WARN_NON_LITERAL_NULL_CONVERSION = YES;
				CLANG_WARN_OBJC_IMPLICIT_RETAIN_SELF = YES;
				CLANG_WARN_OBJC_LITERAL_CONVERSION = YES;
				CLANG_WARN_OBJC_ROOT_CLASS = YES_ERROR;
				CLANG_WARN_QUOTED_INCLUDE_IN_FRAMEWORK_HEADER = YES;
				CLANG_WARN_RANGE_LOOP_ANALYSIS = YES;
				CLANG_WARN_STRICT_PROTOTYPES = YES;
				CLANG_WARN_SUSPICIOUS_MOVE = YES;
				CLANG_WARN_UNGUARDED_AVAILABILITY = YES_AGGRESSIVE;
				CLANG_WARN_UNREACHABLE_CODE = YES;
				CLANG_WARN__DUPLICATE_METHOD_MATCH = YES;
				COPY_PHASE_STRIP = NO;
				DEBUG_INFORMATION_FORMAT = "dwarf-with-dsym";
				ENABLE_NS_ASSERTIONS = NO;
				ENABLE_STRICT_OBJC_MSGSEND = YES;
				ENABLE_USER_SCRIPT_SANDBOXING = YES;
				GCC_C_LANGUAGE_STANDARD = gnu17;
				GCC_NO_COMMON_BLOCKS = YES;
				GCC_WARN_64_TO_32_BIT_CONVERSION = YES;
				GCC_WARN_ABOUT_RETURN_TYPE = YES_ERROR;
				GCC_WARN_UNDECLARED_SELECTOR = YES;
				GCC_WARN_UNINITIALIZED_AUTOS = YES_AGGRESSIVE;
				GCC_WARN_UNUSED_FUNCTION = YES;
				GCC_WARN_UNUSED_VARIABLE = YES;
				LOCALIZATION_PREFERS_STRING_CATALOGS = YES;
				MACOSX_DEPLOYMENT_TARGET = 15.1;
				MTL_ENABLE_DEBUG_INFO = NO;
				MTL_FAST_MATH = YES;
				SDKROOT = macosx;
				SWIFT_COMPILATION_MODE = wholemodule;
			};
			name = Release;
		};
		47AEC6EE2DC6B8B500E2B7EA /* Debug */ = {
			isa = XCBuildConfiguration;
			buildSettings = {
				ASSETCATALOG_COMPILER_APPICON_NAME = AppIcon;
				ASSETCATALOG_COMPILER_GLOBAL_ACCENT_COLOR_NAME = AccentColor;
				CODE_SIGN_ENTITLEMENTS = spaperclip/spaperclip.entitlements;
				CODE_SIGN_STYLE = Automatic;
				COMBINE_HIDPI_IMAGES = YES;
				CURRENT_PROJECT_VERSION = 1;
				DEVELOPMENT_ASSET_PATHS = "\"spaperclip/Preview Content\"";
				DEVELOPMENT_TEAM = X2ULA6KJUN;
				ENABLE_HARDENED_RUNTIME = YES;
				ENABLE_PREVIEWS = YES;
				GENERATE_INFOPLIST_FILE = YES;
				INFOPLIST_KEY_NSHumanReadableCopyright = "";
				LD_RUNPATH_SEARCH_PATHS = (
					"$(inherited)",
					"@executable_path/../Frameworks",
				);
				MARKETING_VERSION = 1.0;
				PRODUCT_BUNDLE_IDENTIFIER = com.scottopell.spaperclip;
				PRODUCT_NAME = "$(TARGET_NAME)";
				SWIFT_EMIT_LOC_STRINGS = YES;
				SWIFT_VERSION = 5.0;
			};
			name = Debug;
		};
		47AEC6EF2DC6B8B500E2B7EA /* Release */ = {
			isa = XCBuildConfiguration;
			buildSettings = {
				ASSETCATALOG_COMPILER_APPICON_NAME = AppIcon;
				ASSETCATALOG_COMPILER_GLOBAL_ACCENT_COLOR_NAME = AccentColor;
				CODE_SIGN_ENTITLEMENTS = spaperclip/spaperclip.entitlements;
				CODE_SIGN_STYLE = Automatic;
				COMBINE_HIDPI_IMAGES = YES;
				CURRENT_PROJECT_VERSION = 1;
				DEVELOPMENT_ASSET_PATHS = "\"spaperclip/Preview Content\"";
				DEVELOPMENT_TEAM = X2ULA6KJUN;
				ENABLE_HARDENED_RUNTIME = YES;
				ENABLE_PREVIEWS = YES;
				GENERATE_INFOPLIST_FILE = YES;
				INFOPLIST_KEY_NSHumanReadableCopyright = "";
				LD_RUNPATH_SEARCH_PATHS = (
					"$(inherited)",
					"@executable_path/../Frameworks",
				);
				MARKETING_VERSION = 1.0;
				PRODUCT_BUNDLE_IDENTIFIER = com.scottopell.spaperclip;
				PRODUCT_NAME = "$(TARGET_NAME)";
				SWIFT_EMIT_LOC_STRINGS = YES;
				SWIFT_VERSION = 5.0;
			};
			name = Release;
		};
		47AEC6F12DC6B8B500E2B7EA /* Debug */ = {
			isa = XCBuildConfiguration;
			buildSettings = {
				BUNDLE_LOADER = "$(TEST_HOST)";
				CODE_SIGN_STYLE = Automatic;
				CURRENT_PROJECT_VERSION = 1;
				DEVELOPMENT_TEAM = X2ULA6KJUN;
				GENERATE_INFOPLIST_FILE = YES;
				MACOSX_DEPLOYMENT_TARGET = 15.1;
				MARKETING_VERSION = 1.0;
				PRODUCT_BUNDLE_IDENTIFIER = com.scottopell.spaperclipTests;
				PRODUCT_NAME = "$(TARGET_NAME)";
				SWIFT_EMIT_LOC_STRINGS = NO;
				SWIFT_VERSION = 5.0;
				TEST_HOST = "$(BUILT_PRODUCTS_DIR)/spaperclip.app/$(BUNDLE_EXECUTABLE_FOLDER_PATH)/spaperclip";
			};
			name = Debug;
		};
		47AEC6F22DC6B8B500E2B7EA /* Release */ = {
			isa = XCBuildConfiguration;
			buildSettings = {
				BUNDLE_LOADER = "$(TEST_HOST)";
				CODE_SIGN_STYLE = Automatic;
				CURRENT_PROJECT_VERSION = 1;
				DEVELOPMENT_TEAM = X2ULA6KJUN;
				GENERATE_INFOPLIST_FILE = YES;
				MACOSX_DEPLOYMENT_TARGET = 15.1;
				MARKETING_VERSION = 1.0;
				PRODUCT_BUNDLE_IDENTIFIER = com.scottopell.spaperclipTests;
				PRODUCT_NAME = "$(TARGET_NAME)";
				SWIFT_EMIT_LOC_STRINGS = NO;
				SWIFT_VERSION = 5.0;
				TEST_HOST = "$(BUILT_PRODUCTS_DIR)/spaperclip.app/$(BUNDLE_EXECUTABLE_FOLDER_PATH)/spaperclip";
			};
			name = Release;
		};
		47AEC6F42DC6B8B500E2B7EA /* Debug */ = {
			isa = XCBuildConfiguration;
			buildSettings = {
				CODE_SIGN_STYLE = Automatic;
				CURRENT_PROJECT_VERSION = 1;
				DEVELOPMENT_TEAM = X2ULA6KJUN;
				GENERATE_INFOPLIST_FILE = YES;
				MARKETING_VERSION = 1.0;
				PRODUCT_BUNDLE_IDENTIFIER = com.scottopell.spaperclipUITests;
				PRODUCT_NAME = "$(TARGET_NAME)";
				SWIFT_EMIT_LOC_STRINGS = NO;
				SWIFT_VERSION = 5.0;
				TEST_TARGET_NAME = spaperclip;
			};
			name = Debug;
		};
		47AEC6F52DC6B8B500E2B7EA /* Release */ = {
			isa = XCBuildConfiguration;
			buildSettings = {
				CODE_SIGN_STYLE = Automatic;
				CURRENT_PROJECT_VERSION = 1;
				DEVELOPMENT_TEAM = X2ULA6KJUN;
				GENERATE_INFOPLIST_FILE = YES;
				MARKETING_VERSION = 1.0;
				PRODUCT_BUNDLE_IDENTIFIER = com.scottopell.spaperclipUITests;
				PRODUCT_NAME = "$(TARGET_NAME)";
				SWIFT_EMIT_LOC_STRINGS = NO;
				SWIFT_VERSION = 5.0;
				TEST_TARGET_NAME = spaperclip;
			};
			name = Release;
		};
/* End XCBuildConfiguration section */

/* Begin XCConfigurationList section */
		47AEC6C32DC6B8B300E2B7EA /* Build configuration list for PBXProject "spaperclip" */ = {
			isa = XCConfigurationList;
			buildConfigurations = (
				47AEC6EB2DC6B8B500E2B7EA /* Debug */,
				47AEC6EC2DC6B8B500E2B7EA /* Release */,
			);
			defaultConfigurationIsVisible = 0;
			defaultConfigurationName = Release;
		};
		47AEC6ED2DC6B8B500E2B7EA /* Build configuration list for PBXNativeTarget "spaperclip" */ = {
			isa = XCConfigurationList;
			buildConfigurations = (
				47AEC6EE2DC6B8B500E2B7EA /* Debug */,
				47AEC6EF2DC6B8B500E2B7EA /* Release */,
			);
			defaultConfigurationIsVisible = 0;
			defaultConfigurationName = Release;
		};
		47AEC6F02DC6B8B500E2B7EA /* Build configuration list for PBXNativeTarget "spaperclipTests" */ = {
			isa = XCConfigurationList;
			buildConfigurations = (
				47AEC6F12DC6B8B500E2B7EA /* Debug */,
				47AEC6F22DC6B8B500E2B7EA /* Release */,
			);
			defaultConfigurationIsVisible = 0;
			defaultConfigurationName = Release;
		};
		47AEC6F32DC6B8B500E2B7EA /* Build configuration list for PBXNativeTarget "spaperclipUITests" */ = {
			isa = XCConfigurationList;
			buildConfigurations = (
				47AEC6F42DC6B8B500E2B7EA /* Debug */,
				47AEC6F52DC6B8B500E2B7EA /* Release */,
			);
			defaultConfigurationIsVisible = 0;
			defaultConfigurationName = Release;
		};
/* End XCConfigurationList section */
	};
	rootObject = 47AEC6C02DC6B8B300E2B7EA /* Project object */;
}
